# This file was autogenerated by Stack.
# You should not edit this file by hand.
# For more information, please see the documentation at:
#   https://docs.haskellstack.org/en/stable/lock_files

packages:
- completed:
    size: 2134
    url: https://github.com/chrisdone/yesod-lucid/archive/de8b455a6efcc02b95d5f6363a29044e230dc75f.tar.gz
    cabal-file:
      size: 600
      sha256: 620400333821a2bd3c9725959879d808115b8499cbc4f79e0afed75977da3230
    name: yesod-lucid
    version: '0.1'
    sha256: 8761f8a1f051ec66bed5abe38f86c897d817ecace997adc59d2b5bd5973947f3
    pantry-tree:
      size: 257
      sha256: 3b1b47c7bde5a9bece9782f40119372c7ae86fb0b7f4e64c8a6c777cb8a47160
  original:
    url: https://github.com/chrisdone/yesod-lucid/archive/de8b455a6efcc02b95d5f6363a29044e230dc75f.tar.gz
- completed:
    hackage: pusher-http-haskell-1.5.1.11@sha256:d12d0900ccfbf31bac39e362c2d6997c72285006cd2b7a1c307bd419a90ef4b2,2687
    pantry-tree:
      size: 1072
      sha256: fb7552de9e5dcf149061bf5e81ee0bf0a3de63447befbe13e19bf343e60a39c7
  original:
    hackage: pusher-http-haskell-1.5.1.11@sha256:d12d0900ccfbf31bac39e362c2d6997c72285006cd2b7a1c307bd419a90ef4b2,2687
snapshots:
- completed:
    size: 524130
    url: https://raw.githubusercontent.com/commercialhaskell/stackage-snapshots/master/lts/14/10.yaml
    sha256: 04841e0397d7ce6364f19359fce89aa45ca8684609d665845db80d398002baa9
  original: lts-14.10
